<?xml version="1.0" encoding="utf-8"?>
<Project ToolsVersion="4.0" xmlns="http://schemas.microsoft.com/developer/msbuild/2003">
  <ItemGroup>
    <Filter Include="Source Files">
      <UniqueIdentifier>{2d8f2161-e97b-4754-bfa3-f97afa0e6600}</UniqueIdentifier>
      <Extensions>cpp;c;cxx;rc;def;r;odl;idl;hpj;bat</Extensions>
    </Filter>
    <Filter Include="Header Files">
      <UniqueIdentifier>{127d9341-6137-49ab-899e-be45a0b64947}</UniqueIdentifier>
      <Extensions>h;hpp;hxx;hm;inl</Extensions>
    </Filter>
    <Filter Include="Resource Files">
      <UniqueIdentifier>{941aa64e-b0a4-4822-9628-ec34faf4cbb1}</UniqueIdentifier>
      <Extensions>ico;cur;bmp;dlg;rc2;rct;bin;rgs;gif;jpg;jpeg;jpe</Extensions>
    </Filter>
  </ItemGroup>
  <ItemGroup>
    <ClCompile Include="StdAfx.cpp">
      <Filter>Source Files</Filter>
    </ClCompile>
    <ClCompile Include="UrlParts.cpp">
      <Filter>Source Files</Filter>
    </ClCompile>
    <ClCompile Include="vbMHWB.cpp">
      <Filter>Source Files</Filter>
    </ClCompile>
    <ClCompile Include="vbWB.cpp">
      <Filter>Source Files</Filter>
    </ClCompile>
  </ItemGroup>
  <ItemGroup>
    <Midl Include="vbMHWB.idl">
      <Filter>Source Files</Filter>
    </Midl>
  </ItemGroup>
  <ItemGroup>
    <ResourceCompile Include="vbMHWB.rc">
      <Filter>Source Files</Filter>
    </ResourceCompile>
  </ItemGroup>
  <ItemGroup>
    <ClInclude Include="ATLCPImplMT.h">
      <Filter>Header Files</Filter>
    </ClInclude>
    <ClInclude Include="AutoCompleter.h">
      <Filter>Header Files</Filter>
    </ClInclude>
    <ClInclude Include="PassthroughObject.h">
      <Filter>Header Files</Filter>
    </ClInclude>
    <ClInclude Include="ProtocolCF.h">
      <Filter>Header Files</Filter>
    </ClInclude>
    <ClInclude Include="ProtocolImpl.h">
      <Filter>Header Files</Filter>
    </ClInclude>
    <ClInclude Include="Resource.h">
      <Filter>Header Files</Filter>
    </ClInclude>
    <ClInclude Include="StdAfx.h">
      <Filter>Header Files</Filter>
    </ClInclude>
    <ClInclude Include="UrlParts.h">
      <Filter>Header Files</Filter>
    </ClInclude>
    <ClInclude Include="vbMHWBCP.h">
      <Filter>Header Files</Filter>
    </ClInclude>
    <ClInclude Include="vbWB.h">
      <Filter>Header Files</Filter>
    </ClInclude>
  </ItemGroup>
  <ItemGroup>
    <Image Include="vbwb.bmp">
      <Filter>Resource Files</Filter>
    </Image>
  </ItemGroup>
  <ItemGroup>
    <CustomBuild Include="vbMHWB.def">
      <Filter>Source Files</Filter>
    </CustomBuild>
    <CustomBuild Include="ProtocolCF.inl">
      <Filter>Header Files</Filter>
    </CustomBuild>
    <CustomBuild Include="ProtocolImpl.inl">
      <Filter>Header Files</Filter>
    </CustomBuild>
    <CustomBuild Include="vbWB.rgs">
      <Filter>Resource Files</Filter>
    </CustomBuild>
    <CustomBuild Include="vbWBUI.htm" />
  </ItemGroup>
</Project>